
Microsoft Visual Studio Solution File, Format Version 11.00
# Visual Studio 2010
Project("{FAE04EC0-301F-11D3-BF4B-00C04F79EFBC}") = "XsdFormEditor.WinForms", "XsdFormEditor.WinForms\XsdFormEditor.WinForms.csproj", "{A4C8CB6C-9F04-4783-9C43-8A69C2D727C8}"
EndProject
Project("{FAE04EC0-301F-11D3-BF4B-00C04F79EFBC}") = "XsdFormEditor.Wpf", "XsdFormEditor.Wpf\XsdFormEditor.Wpf.csproj", "{26C8EA97-DAB6-471C-A60C-957E81249400}"
EndProject
Project("{FAE04EC0-301F-11D3-BF4B-00C04F79EFBC}") = "XsdFormEditor.XmlSchemaParser", "XsdFormEditor.XmlSchemaParser\XsdFormEditor.XmlSchemaParser.csproj", "{A33B677F-37A3-4E72-91FE-B59050F1B147}"
EndProject
Project("{FAE04EC0-301F-11D3-BF4B-00C04F79EFBC}") = "XsdFormEditor.XmlSchemaParser.Tests", "XsdFormEditor.XmlSchemaParser.Tests\XsdFormEditor.XmlSchemaParser.Tests.csproj", "{ACB3D9FD-87E2-4B21-BAAA-F4CF7FE0202A}"
EndProject
Project("{FAE04EC0-301F-11D3-BF4B-00C04F79EFBC}") = "XsdFormEditor.WinForms.Tests", "XsdFormEditor.WinForms.Tests\XsdFormEditor.WinForms.Tests.csproj", "{7D9EDAB3-68D9-4128-A034-CCF6B02B3B2F}"
EndProject
Project("{FAE04EC0-301F-11D3-BF4B-00C04F79EFBC}") = "XsdFormEditor.Web", "XsdFormEditor.Web\XsdFormEditor.Web.csproj", "{3899085A-51C2-42D0-96C9-9318C766F7C4}"
EndProject
Project("{FAE04EC0-301F-11D3-BF4B-00C04F79EFBC}") = "XsdFormEditor.Web.Tests", "XsdFormEditor.Web.Tests\XsdFormEditor.Web.Tests.csproj", "{8D3137E2-730A-4735-9ED5-EF25A23290E3}"
EndProject
Project("{2150E333-8FDC-42A3-9474-1A3956D46DE8}") = "Solution Items", "Solution Items", "{53FF8C08-A544-4AA4-B1E5-F011C235F096}"
	ProjectSection(SolutionItems) = preProject
		README = README
	EndProjectSection
EndProject
Global
	GlobalSection(SolutionConfigurationPlatforms) = preSolution
		Debug|Any CPU = Debug|Any CPU
		Debug|Mixed Platforms = Debug|Mixed Platforms
		Debug|x86 = Debug|x86
		Release|Any CPU = Release|Any CPU
		Release|Mixed Platforms = Release|Mixed Platforms
		Release|x86 = Release|x86
	EndGlobalSection
	GlobalSection(ProjectConfigurationPlatforms) = postSolution
		{A4C8CB6C-9F04-4783-9C43-8A69C2D727C8}.Debug|Any CPU.ActiveCfg = Debug|x86
		{A4C8CB6C-9F04-4783-9C43-8A69C2D727C8}.Debug|Mixed Platforms.ActiveCfg = Debug|x86
		{A4C8CB6C-9F04-4783-9C43-8A69C2D727C8}.Debug|Mixed Platforms.Build.0 = Debug|x86
		{A4C8CB6C-9F04-4783-9C43-8A69C2D727C8}.Debug|x86.ActiveCfg = Debug|x86
		{A4C8CB6C-9F04-4783-9C43-8A69C2D727C8}.Debug|x86.Build.0 = Debug|x86
		{A4C8CB6C-9F04-4783-9C43-8A69C2D727C8}.Release|Any CPU.ActiveCfg = Release|x86
		{A4C8CB6C-9F04-4783-9C43-8A69C2D727C8}.Release|Mixed Platforms.ActiveCfg = Release|x86
		{A4C8CB6C-9F04-4783-9C43-8A69C2D727C8}.Release|Mixed Platforms.Build.0 = Release|x86
		{A4C8CB6C-9F04-4783-9C43-8A69C2D727C8}.Release|x86.ActiveCfg = Release|x86
		{A4C8CB6C-9F04-4783-9C43-8A69C2D727C8}.Release|x86.Build.0 = Release|x86
		{26C8EA97-DAB6-471C-A60C-957E81249400}.Debug|Any CPU.ActiveCfg = Debug|x86
		{26C8EA97-DAB6-471C-A60C-957E81249400}.Debug|Mixed Platforms.ActiveCfg = Debug|x86
		{26C8EA97-DAB6-471C-A60C-957E81249400}.Debug|Mixed Platforms.Build.0 = Debug|x86
		{26C8EA97-DAB6-471C-A60C-957E81249400}.Debug|x86.ActiveCfg = Debug|x86
		{26C8EA97-DAB6-471C-A60C-957E81249400}.Debug|x86.Build.0 = Debug|x86
		{26C8EA97-DAB6-471C-A60C-957E81249400}.Release|Any CPU.ActiveCfg = Release|x86
		{26C8EA97-DAB6-471C-A60C-957E81249400}.Release|Mixed Platforms.ActiveCfg = Release|x86
		{26C8EA97-DAB6-471C-A60C-957E81249400}.Release|Mixed Platforms.Build.0 = Release|x86
		{26C8EA97-DAB6-471C-A60C-957E81249400}.Release|x86.ActiveCfg = Release|x86
		{26C8EA97-DAB6-471C-A60C-957E81249400}.Release|x86.Build.0 = Release|x86
		{A33B677F-37A3-4E72-91FE-B59050F1B147}.Debug|Any CPU.ActiveCfg = Debug|Any CPU
		{A33B677F-37A3-4E72-91FE-B59050F1B147}.Debug|Any CPU.Build.0 = Debug|Any CPU
		{A33B677F-37A3-4E72-91FE-B59050F1B147}.Debug|Mixed Platforms.ActiveCfg = Debug|Any CPU
		{A33B677F-37A3-4E72-91FE-B59050F1B147}.Debug|Mixed Platforms.Build.0 = Debug|Any CPU
		{A33B677F-37A3-4E72-91FE-B59050F1B147}.Debug|x86.ActiveCfg = Debug|Any CPU
		{A33B677F-37A3-4E72-91FE-B59050F1B147}.Release|Any CPU.ActiveCfg = Release|Any CPU
		{A33B677F-37A3-4E72-91FE-B59050F1B147}.Release|Any CPU.Build.0 = Release|Any CPU
		{A33B677F-37A3-4E72-91FE-B59050F1B147}.Release|Mixed Platforms.ActiveCfg = Release|Any CPU
		{A33B677F-37A3-4E72-91FE-B59050F1B147}.Release|Mixed Platforms.Build.0 = Release|Any CPU
		{A33B677F-37A3-4E72-91FE-B59050F1B147}.Release|x86.ActiveCfg = Release|Any CPU
		{ACB3D9FD-87E2-4B21-BAAA-F4CF7FE0202A}.Debug|Any CPU.ActiveCfg = Debug|Any CPU
		{ACB3D9FD-87E2-4B21-BAAA-F4CF7FE0202A}.Debug|Any CPU.Build.0 = Debug|Any CPU
		{ACB3D9FD-87E2-4B21-BAAA-F4CF7FE0202A}.Debug|Mixed Platforms.ActiveCfg = Debug|Any CPU
		{ACB3D9FD-87E2-4B21-BAAA-F4CF7FE0202A}.Debug|Mixed Platforms.Build.0 = Debug|Any CPU
		{ACB3D9FD-87E2-4B21-BAAA-F4CF7FE0202A}.Debug|x86.ActiveCfg = Debug|Any CPU
		{ACB3D9FD-87E2-4B21-BAAA-F4CF7FE0202A}.Release|Any CPU.ActiveCfg = Release|Any CPU
		{ACB3D9FD-87E2-4B21-BAAA-F4CF7FE0202A}.Release|Any CPU.Build.0 = Release|Any CPU
		{ACB3D9FD-87E2-4B21-BAAA-F4CF7FE0202A}.Release|Mixed Platforms.ActiveCfg = Release|Any CPU
		{ACB3D9FD-87E2-4B21-BAAA-F4CF7FE0202A}.Release|Mixed Platforms.Build.0 = Release|Any CPU
		{ACB3D9FD-87E2-4B21-BAAA-F4CF7FE0202A}.Release|x86.ActiveCfg = Release|Any CPU
		{7D9EDAB3-68D9-4128-A034-CCF6B02B3B2F}.Debug|Any CPU.ActiveCfg = Debug|Any CPU
		{7D9EDAB3-68D9-4128-A034-CCF6B02B3B2F}.Debug|Any CPU.Build.0 = Debug|Any CPU
		{7D9EDAB3-68D9-4128-A034-CCF6B02B3B2F}.Debug|Mixed Platforms.ActiveCfg = Debug|Any CPU
		{7D9EDAB3-68D9-4128-A034-CCF6B02B3B2F}.Debug|Mixed Platforms.Build.0 = Debug|Any CPU
		{7D9EDAB3-68D9-4128-A034-CCF6B02B3B2F}.Debug|x86.ActiveCfg = Debug|Any CPU
		{7D9EDAB3-68D9-4128-A034-CCF6B02B3B2F}.Release|Any CPU.ActiveCfg = Release|Any CPU
		{7D9EDAB3-68D9-4128-A034-CCF6B02B3B2F}.Release|Any CPU.Build.0 = Release|Any CPU
		{7D9EDAB3-68D9-4128-A034-CCF6B02B3B2F}.Release|Mixed Platforms.ActiveCfg = Release|Any CPU
		{7D9EDAB3-68D9-4128-A034-CCF6B02B3B2F}.Release|Mixed Platforms.Build.0 = Release|Any CPU
		{7D9EDAB3-68D9-4128-A034-CCF6B02B3B2F}.Release|x86.ActiveCfg = Release|Any CPU
		{3899085A-51C2-42D0-96C9-9318C766F7C4}.Debug|Any CPU.ActiveCfg = Debug|Any CPU
		{3899085A-51C2-42D0-96C9-9318C766F7C4}.Debug|Any CPU.Build.0 = Debug|Any CPU
		{3899085A-51C2-42D0-96C9-9318C766F7C4}.Debug|Mixed Platforms.ActiveCfg = Debug|Any CPU
		{3899085A-51C2-42D0-96C9-9318C766F7C4}.Debug|Mixed Platforms.Build.0 = Debug|Any CPU
		{3899085A-51C2-42D0-96C9-9318C766F7C4}.Debug|x86.ActiveCfg = Debug|Any CPU
		{3899085A-51C2-42D0-96C9-9318C766F7C4}.Release|Any CPU.ActiveCfg = Release|Any CPU
		{3899085A-51C2-42D0-96C9-9318C766F7C4}.Release|Any CPU.Build.0 = Release|Any CPU
		{3899085A-51C2-42D0-96C9-9318C766F7C4}.Release|Mixed Platforms.ActiveCfg = Release|Any CPU
		{3899085A-51C2-42D0-96C9-9318C766F7C4}.Release|Mixed Platforms.Build.0 = Release|Any CPU
		{3899085A-51C2-42D0-96C9-9318C766F7C4}.Release|x86.ActiveCfg = Release|Any CPU
		{8D3137E2-730A-4735-9ED5-EF25A23290E3}.Debug|Any CPU.ActiveCfg = Debug|Any CPU
		{8D3137E2-730A-4735-9ED5-EF25A23290E3}.Debug|Any CPU.Build.0 = Debug|Any CPU
		{8D3137E2-730A-4735-9ED5-EF25A23290E3}.Debug|Mixed Platforms.ActiveCfg = Debug|Any CPU
		{8D3137E2-730A-4735-9ED5-EF25A23290E3}.Debug|Mixed Platforms.Build.0 = Debug|Any CPU
		{8D3137E2-730A-4735-9ED5-EF25A23290E3}.Debug|x86.ActiveCfg = Debug|Any CPU
		{8D3137E2-730A-4735-9ED5-EF25A23290E3}.Release|Any CPU.ActiveCfg = Release|Any CPU
		{8D3137E2-730A-4735-9ED5-EF25A23290E3}.Release|Any CPU.Build.0 = Release|Any CPU
		{8D3137E2-730A-4735-9ED5-EF25A23290E3}.Release|Mixed Platforms.ActiveCfg = Release|Any CPU
		{8D3137E2-730A-4735-9ED5-EF25A23290E3}.Release|Mixed Platforms.Build.0 = Release|Any CPU
		{8D3137E2-730A-4735-9ED5-EF25A23290E3}.Release|x86.ActiveCfg = Release|Any CPU
	EndGlobalSection
	GlobalSection(SolutionProperties) = preSolution
		HideSolutionNode = FALSE
	EndGlobalSection
EndGlobal
